
Microsoft Visual Studio Solution File, Format Version 12.00
# Visual Studio Version 16
VisualStudioVersion = 16.0.31025.194
MinimumVisualStudioVersion = 10.0.40219.1
Project("{FAE04EC0-301F-11D3-BF4B-00C04F79EFBC}") = "IWASH", "ExemploAPI\IWASH.csproj", "{55C695FB-068A-4D8D-BA4D-4FFEE331AB90}"
EndProject
Global
	GlobalSection(SolutionConfigurationPlatforms) = preSolution
		Debug|Any CPU = Debug|Any CPU
		Release|Any CPU = Release|Any CPU
	EndGlobalSection
	GlobalSection(ProjectConfigurationPlatforms) = postSolution
		{55C695FB-068A-4D8D-BA4D-4FFEE331AB90}.Debug|Any CPU.ActiveCfg = Debug|Any CPU
		{55C695FB-068A-4D8D-BA4D-4FFEE331AB90}.Debug|Any CPU.Build.0 = Debug|Any CPU
		{55C695FB-068A-4D8D-BA4D-4FFEE331AB90}.Release|Any CPU.ActiveCfg = Release|Any CPU
		{55C695FB-068A-4D8D-BA4D-4FFEE331AB90}.Release|Any CPU.Build.0 = Release|Any CPU
	EndGlobalSection
	GlobalSection(SolutionProperties) = preSolution
		HideSolutionNode = FALSE
	EndGlobalSection
	GlobalSection(ExtensibilityGlobals) = postSolution
		SolutionGuid = {8C127D23-CB55-422C-A1B4-5CEDC5E661B0}
	EndGlobalSection
EndGlobal
